// !$*UTF8*$!
{
	archiveVersion = 1;
	classes = {
	};
	objectVersion = 55;
	objects = {

/* Begin PBXBuildFile section */
		EE824CDC27DFA3B300D97FFD /* ModalViewController.swift in Sources */ = {isa = PBXBuildFile; fileRef = EE824CDB27DFA3B300D97FFD /* ModalViewController.swift */; };
		EE862C1527E75340005DFD0A /* TableViewCell.swift in Sources */ = {isa = PBXBuildFile; fileRef = EE862C1327E7533F005DFD0A /* TableViewCell.swift */; };
		EE862C1627E75340005DFD0A /* TableViewCell.xib in Resources */ = {isa = PBXBuildFile; fileRef = EE862C1427E7533F005DFD0A /* TableViewCell.xib */; };
		EE862C1827E84BC4005DFD0A /* ArchiveViewController.swift in Sources */ = {isa = PBXBuildFile; fileRef = EE862C1727E84BC4005DFD0A /* ArchiveViewController.swift */; };
		EE91796D27D7BBD80036525B /* FirebaseFirestore in Frameworks */ = {isa = PBXBuildFile; productRef = EE91796C27D7BBD80036525B /* FirebaseFirestore */; };
		EE95B0D727D4D54D003478B3 /* AppDelegate.swift in Sources */ = {isa = PBXBuildFile; fileRef = EE95B0D627D4D54D003478B3 /* AppDelegate.swift */; };
		EE95B0D927D4D54D003478B3 /* SceneDelegate.swift in Sources */ = {isa = PBXBuildFile; fileRef = EE95B0D827D4D54D003478B3 /* SceneDelegate.swift */; };
		EE95B0DB27D4D54D003478B3 /* ViewController.swift in Sources */ = {isa = PBXBuildFile; fileRef = EE95B0DA27D4D54D003478B3 /* ViewController.swift */; };
		EE95B0DE27D4D54D003478B3 /* Main.storyboard in Resources */ = {isa = PBXBuildFile; fileRef = EE95B0DC27D4D54D003478B3 /* Main.storyboard */; };
		EE95B0E027D4D54F003478B3 /* Assets.xcassets in Resources */ = {isa = PBXBuildFile; fileRef = EE95B0DF27D4D54F003478B3 /* Assets.xcassets */; };
		EE95B0E327D4D54F003478B3 /* LaunchScreen.storyboard in Resources */ = {isa = PBXBuildFile; fileRef = EE95B0E127D4D54F003478B3 /* LaunchScreen.storyboard */; };
		EE95B0EE27D4D550003478B3 /* TicketRyukoCenterTests.swift in Sources */ = {isa = PBXBuildFile; fileRef = EE95B0ED27D4D550003478B3 /* TicketRyukoCenterTests.swift */; };
		EE95B0F827D4D550003478B3 /* TicketRyukoCenterUITests.swift in Sources */ = {isa = PBXBuildFile; fileRef = EE95B0F727D4D550003478B3 /* TicketRyukoCenterUITests.swift */; };
		EE95B0FA27D4D550003478B3 /* TicketRyukoCenterUITestsLaunchTests.swift in Sources */ = {isa = PBXBuildFile; fileRef = EE95B0F927D4D550003478B3 /* TicketRyukoCenterUITestsLaunchTests.swift */; };
		EE95B10727D5E7E9003478B3 /* SendViewController.swift in Sources */ = {isa = PBXBuildFile; fileRef = EE95B10627D5E7E9003478B3 /* SendViewController.swift */; };
		EE95B10927D5E817003478B3 /* MakeTicketViewController.swift in Sources */ = {isa = PBXBuildFile; fileRef = EE95B10827D5E817003478B3 /* MakeTicketViewController.swift */; };
		EE95B10B27D7559D003478B3 /* RecaiveCard.swift in Sources */ = {isa = PBXBuildFile; fileRef = EE95B10A27D7559D003478B3 /* RecaiveCard.swift */; };
		EE95B10E27D7560B003478B3 /* Realm in Frameworks */ = {isa = PBXBuildFile; productRef = EE95B10D27D7560B003478B3 /* Realm */; };
		EE95B11027D7560B003478B3 /* RealmSwift in Frameworks */ = {isa = PBXBuildFile; productRef = EE95B10F27D7560B003478B3 /* RealmSwift */; };
		EE95B11527D7B366003478B3 /* GoogleService-Info.plist in Resources */ = {isa = PBXBuildFile; fileRef = EE95B11427D7B366003478B3 /* GoogleService-Info.plist */; };
		EE95B11627D7B366003478B3 /* GoogleService-Info.plist in Resources */ = {isa = PBXBuildFile; fileRef = EE95B11427D7B366003478B3 /* GoogleService-Info.plist */; };
		EE95B11727D7B366003478B3 /* GoogleService-Info.plist in Resources */ = {isa = PBXBuildFile; fileRef = EE95B11427D7B366003478B3 /* GoogleService-Info.plist */; };
/* End PBXBuildFile section */

/* Begin PBXContainerItemProxy section */
		EE95B0EA27D4D550003478B3 /* PBXContainerItemProxy */ = {
			isa = PBXContainerItemProxy;
			containerPortal = EE95B0CB27D4D54D003478B3 /* Project object */;
			proxyType = 1;
			remoteGlobalIDString = EE95B0D227D4D54D003478B3;
			remoteInfo = TicketRyukoCenter;
		};
		EE95B0F427D4D550003478B3 /* PBXContainerItemProxy */ = {
			isa = PBXContainerItemProxy;
			containerPortal = EE95B0CB27D4D54D003478B3 /* Project object */;
			proxyType = 1;
			remoteGlobalIDString = EE95B0D227D4D54D003478B3;
			remoteInfo = TicketRyukoCenter;
		};
/* End PBXContainerItemProxy section */

/* Begin PBXFileReference section */
		EE824CDB27DFA3B300D97FFD /* ModalViewController.swift */ = {isa = PBXFileReference; lastKnownFileType = sourcecode.swift; path = ModalViewController.swift; sourceTree = "<group>"; };
		EE862C1327E7533F005DFD0A /* TableViewCell.swift */ = {isa = PBXFileReference; lastKnownFileType = sourcecode.swift; path = TableViewCell.swift; sourceTree = "<group>"; };
		EE862C1427E7533F005DFD0A /* TableViewCell.xib */ = {isa = PBXFileReference; lastKnownFileType = file.xib; path = TableViewCell.xib; sourceTree = "<group>"; };
		EE862C1727E84BC4005DFD0A /* ArchiveViewController.swift */ = {isa = PBXFileReference; lastKnownFileType = sourcecode.swift; path = ArchiveViewController.swift; sourceTree = "<group>"; };
		EE95B0D327D4D54D003478B3 /* TicketRyukoCenter.app */ = {isa = PBXFileReference; explicitFileType = wrapper.application; includeInIndex = 0; path = TicketRyukoCenter.app; sourceTree = BUILT_PRODUCTS_DIR; };
		EE95B0D627D4D54D003478B3 /* AppDelegate.swift */ = {isa = PBXFileReference; lastKnownFileType = sourcecode.swift; path = AppDelegate.swift; sourceTree = "<group>"; };
		EE95B0D827D4D54D003478B3 /* SceneDelegate.swift */ = {isa = PBXFileReference; lastKnownFileType = sourcecode.swift; path = SceneDelegate.swift; sourceTree = "<group>"; };
		EE95B0DA27D4D54D003478B3 /* ViewController.swift */ = {isa = PBXFileReference; lastKnownFileType = sourcecode.swift; path = ViewController.swift; sourceTree = "<group>"; };
		EE95B0DD27D4D54D003478B3 /* Base */ = {isa = PBXFileReference; lastKnownFileType = file.storyboard; name = Base; path = Base.lproj/Main.storyboard; sourceTree = "<group>"; };
		EE95B0DF27D4D54F003478B3 /* Assets.xcassets */ = {isa = PBXFileReference; lastKnownFileType = folder.assetcatalog; path = Assets.xcassets; sourceTree = "<group>"; };
		EE95B0E227D4D54F003478B3 /* Base */ = {isa = PBXFileReference; lastKnownFileType = file.storyboard; name = Base; path = Base.lproj/LaunchScreen.storyboard; sourceTree = "<group>"; };
		EE95B0E427D4D54F003478B3 /* Info.plist */ = {isa = PBXFileReference; lastKnownFileType = text.plist.xml; path = Info.plist; sourceTree = "<group>"; };
		EE95B0E927D4D550003478B3 /* TicketRyukoCenterTests.xctest */ = {isa = PBXFileReference; explicitFileType = wrapper.cfbundle; includeInIndex = 0; path = TicketRyukoCenterTests.xctest; sourceTree = BUILT_PRODUCTS_DIR; };
		EE95B0ED27D4D550003478B3 /* TicketRyukoCenterTests.swift */ = {isa = PBXFileReference; lastKnownFileType = sourcecode.swift; path = TicketRyukoCenterTests.swift; sourceTree = "<group>"; };
		EE95B0F327D4D550003478B3 /* TicketRyukoCenterUITests.xctest */ = {isa = PBXFileReference; explicitFileType = wrapper.cfbundle; includeInIndex = 0; path = TicketRyukoCenterUITests.xctest; sourceTree = BUILT_PRODUCTS_DIR; };
		EE95B0F727D4D550003478B3 /* TicketRyukoCenterUITests.swift */ = {isa = PBXFileReference; lastKnownFileType = sourcecode.swift; path = TicketRyukoCenterUITests.swift; sourceTree = "<group>"; };
		EE95B0F927D4D550003478B3 /* TicketRyukoCenterUITestsLaunchTests.swift */ = {isa = PBXFileReference; lastKnownFileType = sourcecode.swift; path = TicketRyukoCenterUITestsLaunchTests.swift; sourceTree = "<group>"; };
		EE95B10627D5E7E9003478B3 /* SendViewController.swift */ = {isa = PBXFileReference; lastKnownFileType = sourcecode.swift; path = SendViewController.swift; sourceTree = "<group>"; };
		EE95B10827D5E817003478B3 /* MakeTicketViewController.swift */ = {isa = PBXFileReference; lastKnownFileType = sourcecode.swift; path = MakeTicketViewController.swift; sourceTree = "<group>"; };
		EE95B10A27D7559D003478B3 /* RecaiveCard.swift */ = {isa = PBXFileReference; lastKnownFileType = sourcecode.swift; path = RecaiveCard.swift; sourceTree = "<group>"; };
		EE95B11427D7B366003478B3 /* GoogleService-Info.plist */ = {isa = PBXFileReference; fileEncoding = 4; lastKnownFileType = text.plist.xml; path = "GoogleService-Info.plist"; sourceTree = "<group>"; };
/* End PBXFileReference section */

/* Begin PBXFrameworksBuildPhase section */
		EE95B0D027D4D54D003478B3 /* Frameworks */ = {
			isa = PBXFrameworksBuildPhase;
			buildActionMask = 2147483647;
			files = (
				EE95B11027D7560B003478B3 /* RealmSwift in Frameworks */,
				EE95B10E27D7560B003478B3 /* Realm in Frameworks */,
				EE91796D27D7BBD80036525B /* FirebaseFirestore in Frameworks */,
			);
			runOnlyForDeploymentPostprocessing = 0;
		};
		EE95B0E627D4D550003478B3 /* Frameworks */ = {
			isa = PBXFrameworksBuildPhase;
			buildActionMask = 2147483647;
			files = (
			);
			runOnlyForDeploymentPostprocessing = 0;
		};
		EE95B0F027D4D550003478B3 /* Frameworks */ = {
			isa = PBXFrameworksBuildPhase;
			buildActionMask = 2147483647;
			files = (
			);
			runOnlyForDeploymentPostprocessing = 0;
		};
/* End PBXFrameworksBuildPhase section */

/* Begin PBXGroup section */
		EE95B0CA27D4D54D003478B3 = {
			isa = PBXGroup;
			children = (
				EE95B0D527D4D54D003478B3 /* TicketRyukoCenter */,
				EE95B0EC27D4D550003478B3 /* TicketRyukoCenterTests */,
				EE95B0F627D4D550003478B3 /* TicketRyukoCenterUITests */,
				EE95B0D427D4D54D003478B3 /* Products */,
			);
			sourceTree = "<group>";
		};
		EE95B0D427D4D54D003478B3 /* Products */ = {
			isa = PBXGroup;
			children = (
				EE95B0D327D4D54D003478B3 /* TicketRyukoCenter.app */,
				EE95B0E927D4D550003478B3 /* TicketRyukoCenterTests.xctest */,
				EE95B0F327D4D550003478B3 /* TicketRyukoCenterUITests.xctest */,
			);
			name = Products;
			sourceTree = "<group>";
		};
		EE95B0D527D4D54D003478B3 /* TicketRyukoCenter */ = {
			isa = PBXGroup;
			children = (
				EE95B0D627D4D54D003478B3 /* AppDelegate.swift */,
				EE95B0D827D4D54D003478B3 /* SceneDelegate.swift */,
				EE95B0DA27D4D54D003478B3 /* ViewController.swift */,
				EE95B10827D5E817003478B3 /* MakeTicketViewController.swift */,
				EE95B10627D5E7E9003478B3 /* SendViewController.swift */,
				EE95B10A27D7559D003478B3 /* RecaiveCard.swift */,
				EE824CDB27DFA3B300D97FFD /* ModalViewController.swift */,
				EE862C1727E84BC4005DFD0A /* ArchiveViewController.swift */,
				EE862C1327E7533F005DFD0A /* TableViewCell.swift */,
				EE862C1427E7533F005DFD0A /* TableViewCell.xib */,
				EE95B0DC27D4D54D003478B3 /* Main.storyboard */,
				EE95B0DF27D4D54F003478B3 /* Assets.xcassets */,
				EE95B0E127D4D54F003478B3 /* LaunchScreen.storyboard */,
				EE95B0E427D4D54F003478B3 /* Info.plist */,
				EE95B11427D7B366003478B3 /* GoogleService-Info.plist */,
			);
			path = TicketRyukoCenter;
			sourceTree = "<group>";
		};
		EE95B0EC27D4D550003478B3 /* TicketRyukoCenterTests */ = {
			isa = PBXGroup;
			children = (
				EE95B0ED27D4D550003478B3 /* TicketRyukoCenterTests.swift */,
			);
			path = TicketRyukoCenterTests;
			sourceTree = "<group>";
		};
		EE95B0F627D4D550003478B3 /* TicketRyukoCenterUITests */ = {
			isa = PBXGroup;
			children = (
				EE95B0F727D4D550003478B3 /* TicketRyukoCenterUITests.swift */,
				EE95B0F927D4D550003478B3 /* TicketRyukoCenterUITestsLaunchTests.swift */,
			);
			path = TicketRyukoCenterUITests;
			sourceTree = "<group>";
		};
/* End PBXGroup section */

/* Begin PBXNativeTarget section */
		EE95B0D227D4D54D003478B3 /* TicketRyukoCenter */ = {
			isa = PBXNativeTarget;
			buildConfigurationList = EE95B0FD27D4D550003478B3 /* Build configuration list for PBXNativeTarget "TicketRyukoCenter" */;
			buildPhases = (
				EE95B0CF27D4D54D003478B3 /* Sources */,
				EE95B0D027D4D54D003478B3 /* Frameworks */,
				EE95B0D127D4D54D003478B3 /* Resources */,
			);
			buildRules = (
			);
			dependencies = (
			);
			name = TicketRyukoCenter;
			packageProductDependencies = (
				EE95B10D27D7560B003478B3 /* Realm */,
				EE95B10F27D7560B003478B3 /* RealmSwift */,
				EE91796C27D7BBD80036525B /* FirebaseFirestore */,
			);
			productName = TicketRyukoCenter;
			productReference = EE95B0D327D4D54D003478B3 /* TicketRyukoCenter.app */;
			productType = "com.apple.product-type.application";
		};
		EE95B0E827D4D550003478B3 /* TicketRyukoCenterTests */ = {
			isa = PBXNativeTarget;
			buildConfigurationList = EE95B10027D4D550003478B3 /* Build configuration list for PBXNativeTarget "TicketRyukoCenterTests" */;
			buildPhases = (
				EE95B0E527D4D550003478B3 /* Sources */,
				EE95B0E627D4D550003478B3 /* Frameworks */,
				EE95B0E727D4D550003478B3 /* Resources */,
			);
			buildRules = (
			);
			dependencies = (
				EE95B0EB27D4D550003478B3 /* PBXTargetDependency */,
			);
			name = TicketRyukoCenterTests;
			productName = TicketRyukoCenterTests;
			productReference = EE95B0E927D4D550003478B3 /* TicketRyukoCenterTests.xctest */;
			productType = "com.apple.product-type.bundle.unit-test";
		};
		EE95B0F227D4D550003478B3 /* TicketRyukoCenterUITests */ = {
			isa = PBXNativeTarget;
			buildConfigurationList = EE95B10327D4D550003478B3 /* Build configuration list for PBXNativeTarget "TicketRyukoCenterUITests" */;
			buildPhases = (
				EE95B0EF27D4D550003478B3 /* Sources */,
				EE95B0F027D4D550003478B3 /* Frameworks */,
				EE95B0F127D4D550003478B3 /* Resources */,
			);
			buildRules = (
			);
			dependencies = (
				EE95B0F527D4D550003478B3 /* PBXTargetDependency */,
			);
			name = TicketRyukoCenterUITests;
			productName = TicketRyukoCenterUITests;
			productReference = EE95B0F327D4D550003478B3 /* TicketRyukoCenterUITests.xctest */;
			productType = "com.apple.product-type.bundle.ui-testing";
		};
/* End PBXNativeTarget section */

/* Begin PBXProject section */
		EE95B0CB27D4D54D003478B3 /* Project object */ = {
			isa = PBXProject;
			attributes = {
				BuildIndependentTargetsInParallel = 1;
				LastSwiftUpdateCheck = 1320;
				LastUpgradeCheck = 1320;
				TargetAttributes = {
					EE95B0D227D4D54D003478B3 = {
						CreatedOnToolsVersion = 13.2.1;
					};
					EE95B0E827D4D550003478B3 = {
						CreatedOnToolsVersion = 13.2.1;
						TestTargetID = EE95B0D227D4D54D003478B3;
					};
					EE95B0F227D4D550003478B3 = {
						CreatedOnToolsVersion = 13.2.1;
						TestTargetID = EE95B0D227D4D54D003478B3;
					};
				};
			};
			buildConfigurationList = EE95B0CE27D4D54D003478B3 /* Build configuration list for PBXProject "TicketRyukoCenter" */;
			compatibilityVersion = "Xcode 13.0";
			developmentRegion = en;
			hasScannedForEncodings = 0;
			knownRegions = (
				en,
				Base,
			);
			mainGroup = EE95B0CA27D4D54D003478B3;
			packageReferences = (
				EE95B10C27D7560A003478B3 /* XCRemoteSwiftPackageReference "realm-cocoa" */,
				EE91796B27D7BBD80036525B /* XCRemoteSwiftPackageReference "firebase-ios-sdk" */,
			);
			productRefGroup = EE95B0D427D4D54D003478B3 /* Products */;
			projectDirPath = "";
			projectRoot = "";
			targets = (
				EE95B0D227D4D54D003478B3 /* TicketRyukoCenter */,
				EE95B0E827D4D550003478B3 /* TicketRyukoCenterTests */,
				EE95B0F227D4D550003478B3 /* TicketRyukoCenterUITests */,
			);
		};
/* End PBXProject section */

/* Begin PBXResourcesBuildPhase section */
		EE95B0D127D4D54D003478B3 /* Resources */ = {
			isa = PBXResourcesBuildPhase;
			buildActionMask = 2147483647;
			files = (
				EE95B0E327D4D54F003478B3 /* LaunchScreen.storyboard in Resources */,
				EE862C1627E75340005DFD0A /* TableViewCell.xib in Resources */,
				EE95B11527D7B366003478B3 /* GoogleService-Info.plist in Resources */,
				EE95B0E027D4D54F003478B3 /* Assets.xcassets in Resources */,
				EE95B0DE27D4D54D003478B3 /* Main.storyboard in Resources */,
			);
			runOnlyForDeploymentPostprocessing = 0;
		};
		EE95B0E727D4D550003478B3 /* Resources */ = {
			isa = PBXResourcesBuildPhase;
			buildActionMask = 2147483647;
			files = (
				EE95B11627D7B366003478B3 /* GoogleService-Info.plist in Resources */,
			);
			runOnlyForDeploymentPostprocessing = 0;
		};
		EE95B0F127D4D550003478B3 /* Resources */ = {
			isa = PBXResourcesBuildPhase;
			buildActionMask = 2147483647;
			files = (
				EE95B11727D7B366003478B3 /* GoogleService-Info.plist in Resources */,
			);
			runOnlyForDeploymentPostprocessing = 0;
		};
/* End PBXResourcesBuildPhase section */

/* Begin PBXSourcesBuildPhase section */
		EE95B0CF27D4D54D003478B3 /* Sources */ = {
			isa = PBXSourcesBuildPhase;
			buildActionMask = 2147483647;
			files = (
				EE95B10727D5E7E9003478B3 /* SendViewController.swift in Sources */,
				EE862C1827E84BC4005DFD0A /* ArchiveViewController.swift in Sources */,
				EE862C1527E75340005DFD0A /* TableViewCell.swift in Sources */,
				EE95B0DB27D4D54D003478B3 /* ViewController.swift in Sources */,
				EE95B0D727D4D54D003478B3 /* AppDelegate.swift in Sources */,
				EE95B10B27D7559D003478B3 /* RecaiveCard.swift in Sources */,
				EE95B10927D5E817003478B3 /* MakeTicketViewController.swift in Sources */,
				EE95B0D927D4D54D003478B3 /* SceneDelegate.swift in Sources */,
				EE824CDC27DFA3B300D97FFD /* ModalViewController.swift in Sources */,
			);
			runOnlyForDeploymentPostprocessing = 0;
		};
		EE95B0E527D4D550003478B3 /* Sources */ = {
			isa = PBXSourcesBuildPhase;
			buildActionMask = 2147483647;
			files = (
				EE95B0EE27D4D550003478B3 /* TicketRyukoCenterTests.swift in Sources */,
			);
			runOnlyForDeploymentPostprocessing = 0;
		};
		EE95B0EF27D4D550003478B3 /* Sources */ = {
			isa = PBXSourcesBuildPhase;
			buildActionMask = 2147483647;
			files = (
				EE95B0FA27D4D550003478B3 /* TicketRyukoCenterUITestsLaunchTests.swift in Sources */,
				EE95B0F827D4D550003478B3 /* TicketRyukoCenterUITests.swift in Sources */,
			);
			runOnlyForDeploymentPostprocessing = 0;
		};
/* End PBXSourcesBuildPhase section */

/* Begin PBXTargetDependency section */
		EE95B0EB27D4D550003478B3 /* PBXTargetDependency */ = {
			isa = PBXTargetDependency;
			target = EE95B0D227D4D54D003478B3 /* TicketRyukoCenter */;
			targetProxy = EE95B0EA27D4D550003478B3 /* PBXContainerItemProxy */;
		};
		EE95B0F527D4D550003478B3 /* PBXTargetDependency */ = {
			isa = PBXTargetDependency;
			target = EE95B0D227D4D54D003478B3 /* TicketRyukoCenter */;
			targetProxy = EE95B0F427D4D550003478B3 /* PBXContainerItemProxy */;
		};
/* End PBXTargetDependency section */

/* Begin PBXVariantGroup section */
		EE95B0DC27D4D54D003478B3 /* Main.storyboard */ = {
			isa = PBXVariantGroup;
			children = (
				EE95B0DD27D4D54D003478B3 /* Base */,
			);
			name = Main.storyboard;
			sourceTree = "<group>";
		};
		EE95B0E127D4D54F003478B3 /* LaunchScreen.storyboard */ = {
			isa = PBXVariantGroup;
			children = (
				EE95B0E227D4D54F003478B3 /* Base */,
			);
			name = LaunchScreen.storyboard;
			sourceTree = "<group>";
		};
/* End PBXVariantGroup section */

/* Begin XCBuildConfiguration section */
		EE95B0FB27D4D550003478B3 /* Debug */ = {
			isa = XCBuildConfiguration;
			buildSettings = {
				ALWAYS_SEARCH_USER_PATHS = NO;
				CLANG_ANALYZER_NONNULL = YES;
				CLANG_ANALYZER_NUMBER_OBJECT_CONVERSION = YES_AGGRESSIVE;
				CLANG_CXX_LANGUAGE_STANDARD = "gnu++17";
				CLANG_CXX_LIBRARY = "libc++";
				CLANG_ENABLE_MODULES = YES;
				CLANG_ENABLE_OBJC_ARC = YES;
				CLANG_ENABLE_OBJC_WEAK = YES;
				CLANG_WARN_BLOCK_CAPTURE_AUTORELEASING = YES;
				CLANG_WARN_BOOL_CONVERSION = YES;
				CLANG_WARN_COMMA = YES;
				CLANG_WARN_CONSTANT_CONVERSION = YES;
				CLANG_WARN_DEPRECATED_OBJC_IMPLEMENTATIONS = YES;
				CLANG_WARN_DIRECT_OBJC_ISA_USAGE = YES_ERROR;
				CLANG_WARN_DOCUMENTATION_COMMENTS = YES;
				CLANG_WARN_EMPTY_BODY = YES;
				CLANG_WARN_ENUM_CONVERSION = YES;
				CLANG_WARN_INFINITE_RECURSION = YES;
				CLANG_WARN_INT_CONVERSION = YES;
				CLANG_WARN_NON_LITERAL_NULL_CONVERSION = YES;
				CLANG_WARN_OBJC_IMPLICIT_RETAIN_SELF = YES;
				CLANG_WARN_OBJC_LITERAL_CONVERSION = YES;
				CLANG_WARN_OBJC_ROOT_CLASS = YES_ERROR;
				CLANG_WARN_QUOTED_INCLUDE_IN_FRAMEWORK_HEADER = YES;
				CLANG_WARN_RANGE_LOOP_ANALYSIS = YES;
				CLANG_WARN_STRICT_PROTOTYPES = YES;
				CLANG_WARN_SUSPICIOUS_MOVE = YES;
				CLANG_WARN_UNGUARDED_AVAILABILITY = YES_AGGRESSIVE;
				CLANG_WARN_UNREACHABLE_CODE = YES;
				CLANG_WARN__DUPLICATE_METHOD_MATCH = YES;
				COPY_PHASE_STRIP = NO;
				DEBUG_INFORMATION_FORMAT = dwarf;
				ENABLE_STRICT_OBJC_MSGSEND = YES;
				ENABLE_TESTABILITY = YES;
				GCC_C_LANGUAGE_STANDARD = gnu11;
				GCC_DYNAMIC_NO_PIC = NO;
				GCC_NO_COMMON_BLOCKS = YES;
				GCC_OPTIMIZATION_LEVEL = 0;
				GCC_PREPROCESSOR_DEFINITIONS = (
					"DEBUG=1",
					"$(inherited)",
				);
				GCC_WARN_64_TO_32_BIT_CONVERSION = YES;
				GCC_WARN_ABOUT_RETURN_TYPE = YES_ERROR;
				GCC_WARN_UNDECLARED_SELECTOR = YES;
				GCC_WARN_UNINITIALIZED_AUTOS = YES_AGGRESSIVE;
				GCC_WARN_UNUSED_FUNCTION = YES;
				GCC_WARN_UNUSED_VARIABLE = YES;
				IPHONEOS_DEPLOYMENT_TARGET = 15.2;
				MTL_ENABLE_DEBUG_INFO = INCLUDE_SOURCE;
				MTL_FAST_MATH = YES;
				ONLY_ACTIVE_ARCH = YES;
				SDKROOT = iphoneos;
				SWIFT_ACTIVE_COMPILATION_CONDITIONS = DEBUG;
				SWIFT_OPTIMIZATION_LEVEL = "-Onone";
			};
			name = Debug;
		};
		EE95B0FC27D4D550003478B3 /* Release */ = {
			isa = XCBuildConfiguration;
			buildSettings = {
				ALWAYS_SEARCH_USER_PATHS = NO;
				CLANG_ANALYZER_NONNULL = YES;
				CLANG_ANALYZER_NUMBER_OBJECT_CONVERSION = YES_AGGRESSIVE;
				CLANG_CXX_LANGUAGE_STANDARD = "gnu++17";
				CLANG_CXX_LIBRARY = "libc++";
				CLANG_ENABLE_MODULES = YES;
				CLANG_ENABLE_OBJC_ARC = YES;
				CLANG_ENABLE_OBJC_WEAK = YES;
				CLANG_WARN_BLOCK_CAPTURE_AUTORELEASING = YES;
				CLANG_WARN_BOOL_CONVERSION = YES;
				CLANG_WARN_COMMA = YES;
				CLANG_WARN_CONSTANT_CONVERSION = YES;
				CLANG_WARN_DEPRECATED_OBJC_IMPLEMENTATIONS = YES;
				CLANG_WARN_DIRECT_OBJC_ISA_USAGE = YES_ERROR;
				CLANG_WARN_DOCUMENTATION_COMMENTS = YES;
				CLANG_WARN_EMPTY_BODY = YES;
				CLANG_WARN_ENUM_CONVERSION = YES;
				CLANG_WARN_INFINITE_RECURSION = YES;
				CLANG_WARN_INT_CONVERSION = YES;
				CLANG_WARN_NON_LITERAL_NULL_CONVERSION = YES;
				CLANG_WARN_OBJC_IMPLICIT_RETAIN_SELF = YES;
				CLANG_WARN_OBJC_LITERAL_CONVERSION = YES;
				CLANG_WARN_OBJC_ROOT_CLASS = YES_ERROR;
				CLANG_WARN_QUOTED_INCLUDE_IN_FRAMEWORK_HEADER = YES;
				CLANG_WARN_RANGE_LOOP_ANALYSIS = YES;
				CLANG_WARN_STRICT_PROTOTYPES = YES;
				CLANG_WARN_SUSPICIOUS_MOVE = YES;
				CLANG_WARN_UNGUARDED_AVAILABILITY = YES_AGGRESSIVE;
				CLANG_WARN_UNREACHABLE_CODE = YES;
				CLANG_WARN__DUPLICATE_METHOD_MATCH = YES;
				COPY_PHASE_STRIP = NO;
				DEBUG_INFORMATION_FORMAT = "dwarf-with-dsym";
				ENABLE_NS_ASSERTIONS = NO;
				ENABLE_STRICT_OBJC_MSGSEND = YES;
				GCC_C_LANGUAGE_STANDARD = gnu11;
				GCC_NO_COMMON_BLOCKS = YES;
				GCC_WARN_64_TO_32_BIT_CONVERSION = YES;
				GCC_WARN_ABOUT_RETURN_TYPE = YES_ERROR;
				GCC_WARN_UNDECLARED_SELECTOR = YES;
				GCC_WARN_UNINITIALIZED_AUTOS = YES_AGGRESSIVE;
				GCC_WARN_UNUSED_FUNCTION = YES;
				GCC_WARN_UNUSED_VARIABLE = YES;
				IPHONEOS_DEPLOYMENT_TARGET = 15.2;
				MTL_ENABLE_DEBUG_INFO = NO;
				MTL_FAST_MATH = YES;
				SDKROOT = iphoneos;
				SWIFT_COMPILATION_MODE = wholemodule;
				SWIFT_OPTIMIZATION_LEVEL = "-O";
				VALIDATE_PRODUCT = YES;
			};
			name = Release;
		};
		EE95B0FE27D4D550003478B3 /* Debug */ = {
			isa = XCBuildConfiguration;
			buildSettings = {
				ASSETCATALOG_COMPILER_APPICON_NAME = AppIcon;
				ASSETCATALOG_COMPILER_GLOBAL_ACCENT_COLOR_NAME = AccentColor;
				CODE_SIGN_STYLE = Automatic;
				CURRENT_PROJECT_VERSION = 1;
				DEVELOPMENT_TEAM = ZC69669R63;
				GENERATE_INFOPLIST_FILE = YES;
				INFOPLIST_FILE = TicketRyukoCenter/Info.plist;
				INFOPLIST_KEY_UIApplicationSupportsIndirectInputEvents = YES;
				INFOPLIST_KEY_UILaunchStoryboardName = LaunchScreen;
				INFOPLIST_KEY_UIMainStoryboardFile = Main;
				INFOPLIST_KEY_UISupportedInterfaceOrientations_iPad = "UIInterfaceOrientationPortrait UIInterfaceOrientationPortraitUpsideDown UIInterfaceOrientationLandscapeLeft UIInterfaceOrientationLandscapeRight";
				INFOPLIST_KEY_UISupportedInterfaceOrientations_iPhone = "UIInterfaceOrientationPortrait UIInterfaceOrientationLandscapeLeft UIInterfaceOrientationLandscapeRight";
				IPHONEOS_DEPLOYMENT_TARGET = 15.0;
				LD_RUNPATH_SEARCH_PATHS = (
					"$(inherited)",
					"@executable_path/Frameworks",
				);
				MARKETING_VERSION = 1.0;
				PRODUCT_BUNDLE_IDENTIFIER = Kony.TicketRyukoCenter;
				PRODUCT_NAME = "$(TARGET_NAME)";
				SWIFT_EMIT_LOC_STRINGS = YES;
				SWIFT_VERSION = 5.0;
				TARGETED_DEVICE_FAMILY = "1,2";
			};
			name = Debug;
		};
		EE95B0FF27D4D550003478B3 /* Release */ = {
			isa = XCBuildConfiguration;
			buildSettings = {
				ASSETCATALOG_COMPILER_APPICON_NAME = AppIcon;
				ASSETCATALOG_COMPILER_GLOBAL_ACCENT_COLOR_NAME = AccentColor;
				CODE_SIGN_STYLE = Automatic;
				CURRENT_PROJECT_VERSION = 1;
				DEVELOPMENT_TEAM = ZC69669R63;
				GENERATE_INFOPLIST_FILE = YES;
				INFOPLIST_FILE = TicketRyukoCenter/Info.plist;
				INFOPLIST_KEY_UIApplicationSupportsIndirectInputEvents = YES;
				INFOPLIST_KEY_UILaunchStoryboardName = LaunchScreen;
				INFOPLIST_KEY_UIMainStoryboardFile = Main;
				INFOPLIST_KEY_UISupportedInterfaceOrientations_iPad = "UIInterfaceOrientationPortrait UIInterfaceOrientationPortraitUpsideDown UIInterfaceOrientationLandscapeLeft UIInterfaceOrientationLandscapeRight";
				INFOPLIST_KEY_UISupportedInterfaceOrientations_iPhone = "UIInterfaceOrientationPortrait UIInterfaceOrientationLandscapeLeft UIInterfaceOrientationLandscapeRight";
				IPHONEOS_DEPLOYMENT_TARGET = 15.0;
				LD_RUNPATH_SEARCH_PATHS = (
					"$(inherited)",
					"@executable_path/Frameworks",
				);
				MARKETING_VERSION = 1.0;
				PRODUCT_BUNDLE_IDENTIFIER = Kony.TicketRyukoCenter;
				PRODUCT_NAME = "$(TARGET_NAME)";
				SWIFT_EMIT_LOC_STRINGS = YES;
				SWIFT_VERSION = 5.0;
				TARGETED_DEVICE_FAMILY = "1,2";
			};
			name = Release;
		};
		EE95B10127D4D550003478B3 /* Debug */ = {
			isa = XCBuildConfiguration;
			buildSettings = {
				ALWAYS_EMBED_SWIFT_STANDARD_LIBRARIES = YES;
				BUNDLE_LOADER = "$(TEST_HOST)";
				CODE_SIGN_STYLE = Automatic;
				CURRENT_PROJECT_VERSION = 1;
				DEVELOPMENT_TEAM = ZC69669R63;
				GENERATE_INFOPLIST_FILE = YES;
				IPHONEOS_DEPLOYMENT_TARGET = 15.2;
				MARKETING_VERSION = 1.0;
				PRODUCT_BUNDLE_IDENTIFIER = Kony.TicketRyukoCenterTests;
				PRODUCT_NAME = "$(TARGET_NAME)";
				SWIFT_EMIT_LOC_STRINGS = NO;
				SWIFT_VERSION = 5.0;
				TARGETED_DEVICE_FAMILY = "1,2";
				TEST_HOST = "$(BUILT_PRODUCTS_DIR)/TicketRyukoCenter.app/TicketRyukoCenter";
			};
			name = Debug;
		};
		EE95B10227D4D550003478B3 /* Release */ = {
			isa = XCBuildConfiguration;
			buildSettings = {
				ALWAYS_EMBED_SWIFT_STANDARD_LIBRARIES = YES;
				BUNDLE_LOADER = "$(TEST_HOST)";
				CODE_SIGN_STYLE = Automatic;
				CURRENT_PROJECT_VERSION = 1;
				DEVELOPMENT_TEAM = ZC69669R63;
				GENERATE_INFOPLIST_FILE = YES;
				IPHONEOS_DEPLOYMENT_TARGET = 15.2;
				MARKETING_VERSION = 1.0;
				PRODUCT_BUNDLE_IDENTIFIER = Kony.TicketRyukoCenterTests;
				PRODUCT_NAME = "$(TARGET_NAME)";
				SWIFT_EMIT_LOC_STRINGS = NO;
				SWIFT_VERSION = 5.0;
				TARGETED_DEVICE_FAMILY = "1,2";
				TEST_HOST = "$(BUILT_PRODUCTS_DIR)/TicketRyukoCenter.app/TicketRyukoCenter";
			};
			name = Release;
		};
		EE95B10427D4D550003478B3 /* Debug */ = {
			isa = XCBuildConfiguration;
			buildSettings = {
				ALWAYS_EMBED_SWIFT_STANDARD_LIBRARIES = YES;
				CODE_SIGN_STYLE = Automatic;
				CURRENT_PROJECT_VERSION = 1;
				DEVELOPMENT_TEAM = ZC69669R63;
				GENERATE_INFOPLIST_FILE = YES;
				MARKETING_VERSION = 1.0;
				PRODUCT_BUNDLE_IDENTIFIER = Kony.TicketRyukoCenterUITests;
				PRODUCT_NAME = "$(TARGET_NAME)";
				SWIFT_EMIT_LOC_STRINGS = NO;
				SWIFT_VERSION = 5.0;
				TARGETED_DEVICE_FAMILY = "1,2";
				TEST_TARGET_NAME = TicketRyukoCenter;
			};
			name = Debug;
		};
		EE95B10527D4D550003478B3 /* Release */ = {
			isa = XCBuildConfiguration;
			buildSettings = {
				ALWAYS_EMBED_SWIFT_STANDARD_LIBRARIES = YES;
				CODE_SIGN_STYLE = Automatic;
				CURRENT_PROJECT_VERSION = 1;
				DEVELOPMENT_TEAM = ZC69669R63;
				GENERATE_INFOPLIST_FILE = YES;
				MARKETING_VERSION = 1.0;
				PRODUCT_BUNDLE_IDENTIFIER = Kony.TicketRyukoCenterUITests;
				PRODUCT_NAME = "$(TARGET_NAME)";
				SWIFT_EMIT_LOC_STRINGS = NO;
				SWIFT_VERSION = 5.0;
				TARGETED_DEVICE_FAMILY = "1,2";
				TEST_TARGET_NAME = TicketRyukoCenter;
			};
			name = Release;
		};
/* End XCBuildConfiguration section */

/* Begin XCConfigurationList section */
		EE95B0CE27D4D54D003478B3 /* Build configuration list for PBXProject "TicketRyukoCenter" */ = {
			isa = XCConfigurationList;
			buildConfigurations = (
				EE95B0FB27D4D550003478B3 /* Debug */,
				EE95B0FC27D4D550003478B3 /* Release */,
			);
			defaultConfigurationIsVisible = 0;
			defaultConfigurationName = Release;
		};
		EE95B0FD27D4D550003478B3 /* Build configuration list for PBXNativeTarget "TicketRyukoCenter" */ = {
			isa = XCConfigurationList;
			buildConfigurations = (
				EE95B0FE27D4D550003478B3 /* Debug */,
				EE95B0FF27D4D550003478B3 /* Release */,
			);
			defaultConfigurationIsVisible = 0;
			defaultConfigurationName = Release;
		};
		EE95B10027D4D550003478B3 /* Build configuration list for PBXNativeTarget "TicketRyukoCenterTests" */ = {
			isa = XCConfigurationList;
			buildConfigurations = (
				EE95B10127D4D550003478B3 /* Debug */,
				EE95B10227D4D550003478B3 /* Release */,
			);
			defaultConfigurationIsVisible = 0;
			defaultConfigurationName = Release;
		};
		EE95B10327D4D550003478B3 /* Build configuration list for PBXNativeTarget "TicketRyukoCenterUITests" */ = {
			isa = XCConfigurationList;
			buildConfigurations = (
				EE95B10427D4D550003478B3 /* Debug */,
				EE95B10527D4D550003478B3 /* Release */,
			);
			defaultConfigurationIsVisible = 0;
			defaultConfigurationName = Release;
		};
/* End XCConfigurationList section */

/* Begin XCRemoteSwiftPackageReference section */
		EE91796B27D7BBD80036525B /* XCRemoteSwiftPackageReference "firebase-ios-sdk" */ = {
			isa = XCRemoteSwiftPackageReference;
			repositoryURL = "https://github.com/firebase/firebase-ios-sdk.git";
			requirement = {
				branch = master;
				kind = branch;
			};
		};
		EE95B10C27D7560A003478B3 /* XCRemoteSwiftPackageReference "realm-cocoa" */ = {
			isa = XCRemoteSwiftPackageReference;
			repositoryURL = "https://github.com/realm/realm-cocoa";
			requirement = {
				branch = master;
				kind = branch;
			};
		};
/* End XCRemoteSwiftPackageReference section */

/* Begin XCSwiftPackageProductDependency section */
		EE91796C27D7BBD80036525B /* FirebaseFirestore */ = {
			isa = XCSwiftPackageProductDependency;
			package = EE91796B27D7BBD80036525B /* XCRemoteSwiftPackageReference "firebase-ios-sdk" */;
			productName = FirebaseFirestore;
		};
		EE95B10D27D7560B003478B3 /* Realm */ = {
			isa = XCSwiftPackageProductDependency;
			package = EE95B10C27D7560A003478B3 /* XCRemoteSwiftPackageReference "realm-cocoa" */;
			productName = Realm;
		};
		EE95B10F27D7560B003478B3 /* RealmSwift */ = {
			isa = XCSwiftPackageProductDependency;
			package = EE95B10C27D7560A003478B3 /* XCRemoteSwiftPackageReference "realm-cocoa" */;
			productName = RealmSwift;
		};
/* End XCSwiftPackageProductDependency section */
	};
	rootObject = EE95B0CB27D4D54D003478B3 /* Project object */;
}
